
Microsoft Visual Studio Solution File, Format Version 12.00
# Visual Studio 15
VisualStudioVersion = 15.0.27703.2047
MinimumVisualStudioVersion = 10.0.40219.1
Project("{FAE04EC0-301F-11D3-BF4B-00C04F79EFBC}") = "Augmented", "Augmented\Augmented.csproj", "{2E06337E-7E36-40F0-B436-541E6D439E8F}"
EndProject
Project("{FAE04EC0-301F-11D3-BF4B-00C04F79EFBC}") = "Augmented.Tests", "Augmented.Tests\Augmented.Tests.csproj", "{29EB27EF-34F8-4D9F-8E3D-1FBB8BC74302}"
EndProject
Project("{FAE04EC0-301F-11D3-BF4B-00C04F79EFBC}") = "DavidFidge.MonoGame.Core", "DavidFidge.MonoGame.Core\DavidFidge.MonoGame.Core.csproj", "{1571C1A1-A891-482E-B878-D512219DE057}"
EndProject
Project("{FAE04EC0-301F-11D3-BF4B-00C04F79EFBC}") = "DavidFidge.MonoGame.Core.Tests", "DavidFidge.MonoGame.Core.Tests\DavidFidge.MonoGame.Core.Tests.csproj", "{686E0FBD-9642-4E69-AB24-C9D8191FE1DE}"
EndProject
Project("{FAE04EC0-301F-11D3-BF4B-00C04F79EFBC}") = "DavidFidge.TestInfrastructure", "DavidFidge.TestInfrastructure\DavidFidge.TestInfrastructure.csproj", "{0C1DAD00-66A7-425C-9105-FC7FDE006166}"
EndProject
Global
	GlobalSection(SolutionConfigurationPlatforms) = preSolution
		Debug|Any CPU = Debug|Any CPU
		Release|Any CPU = Release|Any CPU
	EndGlobalSection
	GlobalSection(ProjectConfigurationPlatforms) = postSolution
		{2E06337E-7E36-40F0-B436-541E6D439E8F}.Debug|Any CPU.ActiveCfg = Debug|Any CPU
		{2E06337E-7E36-40F0-B436-541E6D439E8F}.Debug|Any CPU.Build.0 = Debug|Any CPU
		{2E06337E-7E36-40F0-B436-541E6D439E8F}.Release|Any CPU.ActiveCfg = Release|Any CPU
		{2E06337E-7E36-40F0-B436-541E6D439E8F}.Release|Any CPU.Build.0 = Release|Any CPU
		{29EB27EF-34F8-4D9F-8E3D-1FBB8BC74302}.Debug|Any CPU.ActiveCfg = Debug|Any CPU
		{29EB27EF-34F8-4D9F-8E3D-1FBB8BC74302}.Debug|Any CPU.Build.0 = Debug|Any CPU
		{29EB27EF-34F8-4D9F-8E3D-1FBB8BC74302}.Release|Any CPU.ActiveCfg = Release|Any CPU
		{29EB27EF-34F8-4D9F-8E3D-1FBB8BC74302}.Release|Any CPU.Build.0 = Release|Any CPU
		{1571C1A1-A891-482E-B878-D512219DE057}.Debug|Any CPU.ActiveCfg = Debug|Any CPU
		{1571C1A1-A891-482E-B878-D512219DE057}.Debug|Any CPU.Build.0 = Debug|Any CPU
		{1571C1A1-A891-482E-B878-D512219DE057}.Release|Any CPU.ActiveCfg = Release|Any CPU
		{1571C1A1-A891-482E-B878-D512219DE057}.Release|Any CPU.Build.0 = Release|Any CPU
		{686E0FBD-9642-4E69-AB24-C9D8191FE1DE}.Debug|Any CPU.ActiveCfg = Debug|Any CPU
		{686E0FBD-9642-4E69-AB24-C9D8191FE1DE}.Debug|Any CPU.Build.0 = Debug|Any CPU
		{686E0FBD-9642-4E69-AB24-C9D8191FE1DE}.Release|Any CPU.ActiveCfg = Release|Any CPU
		{686E0FBD-9642-4E69-AB24-C9D8191FE1DE}.Release|Any CPU.Build.0 = Release|Any CPU
		{0C1DAD00-66A7-425C-9105-FC7FDE006166}.Debug|Any CPU.ActiveCfg = Debug|Any CPU
		{0C1DAD00-66A7-425C-9105-FC7FDE006166}.Debug|Any CPU.Build.0 = Debug|Any CPU
		{0C1DAD00-66A7-425C-9105-FC7FDE006166}.Release|Any CPU.ActiveCfg = Release|Any CPU
		{0C1DAD00-66A7-425C-9105-FC7FDE006166}.Release|Any CPU.Build.0 = Release|Any CPU
	EndGlobalSection
	GlobalSection(SolutionProperties) = preSolution
		HideSolutionNode = FALSE
	EndGlobalSection
	GlobalSection(ExtensibilityGlobals) = postSolution
		SolutionGuid = {0291EBE2-0FB1-42E9-91D4-1EA76B87A804}
	EndGlobalSection
EndGlobal
